{
  "originHash" : "2e0cd4ca55aebb78b51c53e1fba7cc2cba792ffcc83c6e0a75490eef487e47e8",
  "pins" : [
    {
      "identity" : "mobile-core-bridge-spm",
      "kind" : "remoteSourceControl",
      "location" : "https://github.com/dyte-in/mobile-core-bridge-spm.git",
      "state" : {
        "branch" : "main",
        "revision" : "87b1b70d7b4bbda2fdb17d0d5d53887eccee3db9"
      }
    }
  ],
  "version" : 3
}
